schema: '2.0'
stages:
  data_ingestion:
    cmd: python src/pipline/data_ingestion_pipline.py
    deps:
    - path: config/config.yaml
      hash: md5
      md5: 5df6a2abe7f18f316252b423d5a5fbe3
      size: 224
    - path: src/pipline/data_ingestion_pipline.py
      hash: md5
      md5: af4249fe2274e508d04dab7f12199b44
      size: 1238
    outs:
    - path: artifacts/data_ingestion/raw.csv
      hash: md5
      md5: abbd67096da74f521aac39e55eb04445
      size: 11900280
    - path: artifacts/data_ingestion/test.csv
      hash: md5
      md5: 97b3fdef537046681c11ee10a4d47a6a
      size: 3094599
    - path: artifacts/data_ingestion/train.csv
      hash: md5
      md5: 51d2255b231b706a554f60ff3065c7ec
      size: 8805734
